
Microsoft Visual Studio Solution File, Format Version 12.00
# Visual Studio 14
VisualStudioVersion = 14.0.25123.0
MinimumVisualStudioVersion = 10.0.40219.1
Project("{FAE04EC0-301F-11D3-BF4B-00C04F79EFBC}") = "tabtool", "tabtool\tabtool.csproj", "{E1DDF9D0-972A-4E1B-A700-9F6D72D838F7}"
EndProject
Project("{FAE04EC0-301F-11D3-BF4B-00C04F79EFBC}") = "csharptest", "csharptest\csharptest.csproj", "{838BA18B-7EF9-4341-B319-CB58F9F451AC}"
EndProject
Project("{8BC9CEB8-8B4A-11D0-8D11-00A0C91BC942}") = "cpptest", "cpptest\cpptest.vcxproj", "{5AF57802-51EF-4574-BC38-4475B4F556A1}"
EndProject
Global
	GlobalSection(SolutionConfigurationPlatforms) = preSolution
		Debug|Any CPU = Debug|Any CPU
		Debug|x64 = Debug|x64
		Debug|x86 = Debug|x86
		Release|Any CPU = Release|Any CPU
		Release|x64 = Release|x64
		Release|x86 = Release|x86
	EndGlobalSection
	GlobalSection(ProjectConfigurationPlatforms) = postSolution
		{E1DDF9D0-972A-4E1B-A700-9F6D72D838F7}.Debug|Any CPU.ActiveCfg = Debug|Any CPU
		{E1DDF9D0-972A-4E1B-A700-9F6D72D838F7}.Debug|Any CPU.Build.0 = Debug|Any CPU
		{E1DDF9D0-972A-4E1B-A700-9F6D72D838F7}.Debug|x64.ActiveCfg = Debug|Any CPU
		{E1DDF9D0-972A-4E1B-A700-9F6D72D838F7}.Debug|x64.Build.0 = Debug|Any CPU
		{E1DDF9D0-972A-4E1B-A700-9F6D72D838F7}.Debug|x86.ActiveCfg = Debug|Any CPU
		{E1DDF9D0-972A-4E1B-A700-9F6D72D838F7}.Debug|x86.Build.0 = Debug|Any CPU
		{E1DDF9D0-972A-4E1B-A700-9F6D72D838F7}.Release|Any CPU.ActiveCfg = Release|Any CPU
		{E1DDF9D0-972A-4E1B-A700-9F6D72D838F7}.Release|Any CPU.Build.0 = Release|Any CPU
		{E1DDF9D0-972A-4E1B-A700-9F6D72D838F7}.Release|x64.ActiveCfg = Release|Any CPU
		{E1DDF9D0-972A-4E1B-A700-9F6D72D838F7}.Release|x64.Build.0 = Release|Any CPU
		{E1DDF9D0-972A-4E1B-A700-9F6D72D838F7}.Release|x86.ActiveCfg = Release|Any CPU
		{E1DDF9D0-972A-4E1B-A700-9F6D72D838F7}.Release|x86.Build.0 = Release|Any CPU
		{838BA18B-7EF9-4341-B319-CB58F9F451AC}.Debug|Any CPU.ActiveCfg = Debug|Any CPU
		{838BA18B-7EF9-4341-B319-CB58F9F451AC}.Debug|Any CPU.Build.0 = Debug|Any CPU
		{838BA18B-7EF9-4341-B319-CB58F9F451AC}.Debug|x64.ActiveCfg = Debug|Any CPU
		{838BA18B-7EF9-4341-B319-CB58F9F451AC}.Debug|x64.Build.0 = Debug|Any CPU
		{838BA18B-7EF9-4341-B319-CB58F9F451AC}.Debug|x86.ActiveCfg = Debug|Any CPU
		{838BA18B-7EF9-4341-B319-CB58F9F451AC}.Debug|x86.Build.0 = Debug|Any CPU
		{838BA18B-7EF9-4341-B319-CB58F9F451AC}.Release|Any CPU.ActiveCfg = Release|Any CPU
		{838BA18B-7EF9-4341-B319-CB58F9F451AC}.Release|Any CPU.Build.0 = Release|Any CPU
		{838BA18B-7EF9-4341-B319-CB58F9F451AC}.Release|x64.ActiveCfg = Release|Any CPU
		{838BA18B-7EF9-4341-B319-CB58F9F451AC}.Release|x64.Build.0 = Release|Any CPU
		{838BA18B-7EF9-4341-B319-CB58F9F451AC}.Release|x86.ActiveCfg = Release|Any CPU
		{838BA18B-7EF9-4341-B319-CB58F9F451AC}.Release|x86.Build.0 = Release|Any CPU
		{5AF57802-51EF-4574-BC38-4475B4F556A1}.Debug|Any CPU.ActiveCfg = Debug|Win32
		{5AF57802-51EF-4574-BC38-4475B4F556A1}.Debug|x64.ActiveCfg = Debug|x64
		{5AF57802-51EF-4574-BC38-4475B4F556A1}.Debug|x64.Build.0 = Debug|x64
		{5AF57802-51EF-4574-BC38-4475B4F556A1}.Debug|x86.ActiveCfg = Debug|Win32
		{5AF57802-51EF-4574-BC38-4475B4F556A1}.Debug|x86.Build.0 = Debug|Win32
		{5AF57802-51EF-4574-BC38-4475B4F556A1}.Release|Any CPU.ActiveCfg = Release|Win32
		{5AF57802-51EF-4574-BC38-4475B4F556A1}.Release|x64.ActiveCfg = Release|x64
		{5AF57802-51EF-4574-BC38-4475B4F556A1}.Release|x64.Build.0 = Release|x64
		{5AF57802-51EF-4574-BC38-4475B4F556A1}.Release|x86.ActiveCfg = Release|Win32
		{5AF57802-51EF-4574-BC38-4475B4F556A1}.Release|x86.Build.0 = Release|Win32
	EndGlobalSection
	GlobalSection(SolutionProperties) = preSolution
		HideSolutionNode = FALSE
	EndGlobalSection
EndGlobal
